
Microsoft Visual Studio Solution File, Format Version 12.00
# Visual Studio Version 16
VisualStudioVersion = 16.0.31410.357
MinimumVisualStudioVersion = 10.0.40219.1
Project("{FAE04EC0-301F-11D3-BF4B-00C04F79EFBC}") = "TaskHangTest", "TaskHangTest.csproj", "{3A4D1C38-461F-4B3A-959F-1F1770217DA2}"
EndProject
Global
	GlobalSection(SolutionConfigurationPlatforms) = preSolution
		Debug|Any CPU = Debug|Any CPU
		Release|Any CPU = Release|Any CPU
	EndGlobalSection
	GlobalSection(ProjectConfigurationPlatforms) = postSolution
		{3A4D1C38-461F-4B3A-959F-1F1770217DA2}.Debug|Any CPU.ActiveCfg = Debug|Any CPU
		{3A4D1C38-461F-4B3A-959F-1F1770217DA2}.Debug|Any CPU.Build.0 = Debug|Any CPU
		{3A4D1C38-461F-4B3A-959F-1F1770217DA2}.Release|Any CPU.ActiveCfg = Release|Any CPU
		{3A4D1C38-461F-4B3A-959F-1F1770217DA2}.Release|Any CPU.Build.0 = Release|Any CPU
	EndGlobalSection
	GlobalSection(SolutionProperties) = preSolution
		HideSolutionNode = FALSE
	EndGlobalSection
	GlobalSection(ExtensibilityGlobals) = postSolution
		SolutionGuid = {4C1D997A-3140-4804-9A40-C46CF4D258BF}
	EndGlobalSection
EndGlobal
